{
  "nodes": {
    "archetect-tap": {
      "flake": false,
      "locked": {
        "lastModified": 1764870826,
        "narHash": "sha256-SgICIFXdU1MNtcarUefjYapKOzSbGl5ZEdmt70l8abk=",
        "owner": "archetect",
        "repo": "homebrew-tap",
        "rev": "93b02c9ec588f863ac550fcce4773d862d67454e",
        "type": "github"
      },
      "original": {
        "owner": "archetect",
        "repo": "homebrew-tap",
        "type": "github"
      }
    },
    "brew-src": {
      "flake": false,
      "locked": {
        "lastModified": 1763638478,
        "narHash": "sha256-n/IMowE9S23ovmTkKX7KhxXC2Yq41EAVFR2FBIXPcT8=",
        "owner": "Homebrew",
        "repo": "brew",
        "rev": "fbfdbaba008189499958a7aeb1e2c36ab10c067d",
        "type": "github"
      },
      "original": {
        "owner": "Homebrew",
        "ref": "5.0.3",
        "repo": "brew",
        "type": "github"
      }
    },
    "darwin": {
      "inputs": {
        "nixpkgs": [
          "nixpkgs"
        ]
      },
      "locked": {
        "lastModified": 1764161084,
        "narHash": "sha256-HN84sByg9FhJnojkGGDSrcjcbeioFWoNXfuyYfJ1kBE=",
        "owner": "nix-darwin",
        "repo": "nix-darwin",
        "rev": "e95de00a471d07435e0527ff4db092c84998698e",
        "type": "github"
      },
      "original": {
        "owner": "nix-darwin",
        "ref": "master",
        "repo": "nix-darwin",
        "type": "github"
      }
    },
    "home-manager": {
      "inputs": {
        "nixpkgs": [
          "nixpkgs"
        ]
      },
      "locked": {
        "lastModified": 1764872372,
        "narHash": "sha256-uZuXRz9CzeCHsRbc2MQvKomwoX6GcFC5BUMEk3ouSFU=",
        "owner": "nix-community",
        "repo": "home-manager",
        "rev": "05a56dbf24f195c62286e3273a2671d3b4904b00",
        "type": "github"
      },
      "original": {
        "owner": "nix-community",
        "repo": "home-manager",
        "type": "github"
      }
    },
    "homebrew-cask": {
      "flake": false,
      "locked": {
        "lastModified": 1764869702,
        "narHash": "sha256-VBl1460K2COwSTQ1sbdjrGyoCA34l67toJ9+rOn+5Jk=",
        "owner": "homebrew",
        "repo": "homebrew-cask",
        "rev": "72c38368e1a784ae643d6d8a9b7c250c75f992ae",
        "type": "github"
      },
      "original": {
        "owner": "homebrew",
        "repo": "homebrew-cask",
        "type": "github"
      }
    },
    "homebrew-core": {
      "flake": false,
      "locked": {
        "lastModified": 1764872844,
        "narHash": "sha256-AqL8fX/NSkzQyJf8hlyY/MWaKKgNmkqoBtmo5UBXxzk=",
        "owner": "homebrew",
        "repo": "homebrew-core",
        "rev": "48d4995727df04c5ee0ab9ffc72bd40791b49cef",
        "type": "github"
      },
      "original": {
        "owner": "homebrew",
        "repo": "homebrew-core",
        "type": "github"
      }
    },
    "nikitabobko-tap": {
      "flake": false,
      "locked": {
        "lastModified": 1764022179,
        "narHash": "sha256-OQJ6Wx6Pi61uu46I7xaHpeiTavDQp1ZLVbHJGR1NL20=",
        "owner": "nikitabobko",
        "repo": "homebrew-tap",
        "rev": "80dfd269edca8bc2ec5d83dbd332863cf684f753",
        "type": "github"
      },
      "original": {
        "owner": "nikitabobko",
        "repo": "homebrew-tap",
        "type": "github"
      }
    },
    "nix-homebrew": {
      "inputs": {
        "brew-src": "brew-src"
      },
      "locked": {
        "lastModified": 1764473698,
        "narHash": "sha256-C91gPgv6udN5WuIZWNehp8qdLqlrzX6iF/YyboOj6XI=",
        "owner": "zhaofengli-wip",
        "repo": "nix-homebrew",
        "rev": "6a8ab60bfd66154feeaa1021fc3b32684814a62a",
        "type": "github"
      },
      "original": {
        "owner": "zhaofengli-wip",
        "repo": "nix-homebrew",
        "type": "github"
      }
    },
    "nixpkgs": {
      "locked": {
        "lastModified": 1764794580,
        "narHash": "sha256-UMVihg0OQ980YqmOAPz+zkuCEb9hpE5Xj2v+ZGNjQ+M=",
        "owner": "NixOS",
        "repo": "nixpkgs",
        "rev": "ebc94f855ef25347c314258c10393a92794e7ab9",
        "type": "github"
      },
      "original": {
        "owner": "NixOS",
        "ref": "nixpkgs-unstable",
        "repo": "nixpkgs",
        "type": "github"
      }
    },
    "p6m-tap": {
      "flake": false,
      "locked": {
        "lastModified": 1749238538,
        "narHash": "sha256-kH0oAEy5TokZUp2Zt69fDwwW4wlrKKHXdyAjBKf+wXI=",
        "owner": "p6m-dev",
        "repo": "homebrew-tap",
        "rev": "975b16e24528b549c58f808057b0adb21c671425",
        "type": "github"
      },
      "original": {
        "owner": "p6m-dev",
        "repo": "homebrew-tap",
        "type": "github"
      }
    },
    "root": {
      "inputs": {
        "archetect-tap": "archetect-tap",
        "darwin": "darwin",
        "home-manager": "home-manager",
        "homebrew-cask": "homebrew-cask",
        "homebrew-core": "homebrew-core",
        "nikitabobko-tap": "nikitabobko-tap",
        "nix-homebrew": "nix-homebrew",
        "nixpkgs": "nixpkgs",
        "p6m-tap": "p6m-tap"
      }
    }
  },
  "root": "root",
  "version": 7
}
