{
  "nodes": {
    "archetect-tap": {
      "flake": false,
      "locked": {
        "lastModified": 1764870826,
        "narHash": "sha256-SgICIFXdU1MNtcarUefjYapKOzSbGl5ZEdmt70l8abk=",
        "owner": "archetect",
        "repo": "homebrew-tap",
        "rev": "93b02c9ec588f863ac550fcce4773d862d67454e",
        "type": "github"
      },
      "original": {
        "owner": "archetect",
        "repo": "homebrew-tap",
        "type": "github"
      }
    },
    "atlassian-acli-tap": {
      "flake": false,
      "locked": {
        "lastModified": 1772686957,
        "narHash": "sha256-eohxgawVZnT7v/4kw2HgZVVIfHBkRF4hNwrNt/nTb7Y=",
        "owner": "atlassian",
        "repo": "homebrew-acli",
        "rev": "3717f7112fc369210612b623b3f76ed6ac0437c0",
        "type": "github"
      },
      "original": {
        "owner": "atlassian",
        "repo": "homebrew-acli",
        "type": "github"
      }
    },
    "brew-src": {
      "flake": false,
      "locked": {
        "lastModified": 1769363988,
        "narHash": "sha256-BiGPeulrDVetXP+tjxhMcGLUROZAtZIhU5m4MqawCfM=",
        "owner": "Homebrew",
        "repo": "brew",
        "rev": "d01011cac6d72032c75fd2cd9489909e95d9faf2",
        "type": "github"
      },
      "original": {
        "owner": "Homebrew",
        "ref": "5.0.12",
        "repo": "brew",
        "type": "github"
      }
    },
    "darwin": {
      "inputs": {
        "nixpkgs": [
          "nixpkgs"
        ]
      },
      "locked": {
        "lastModified": 1773000227,
        "narHash": "sha256-zm3ftUQw0MPumYi91HovoGhgyZBlM4o3Zy0LhPNwzXE=",
        "owner": "nix-darwin",
        "repo": "nix-darwin",
        "rev": "da529ac9e46f25ed5616fd634079a5f3c579135f",
        "type": "github"
      },
      "original": {
        "owner": "nix-darwin",
        "ref": "master",
        "repo": "nix-darwin",
        "type": "github"
      }
    },
    "home-manager": {
      "inputs": {
        "nixpkgs": [
          "nixpkgs"
        ]
      },
      "locked": {
        "lastModified": 1773681856,
        "narHash": "sha256-+bRqxoFCJFO9ZTFhcCkzNXbDT3b8AEk88fyjB7Is6eo=",
        "owner": "nix-community",
        "repo": "home-manager",
        "rev": "57d5560ee92a424fb71fde800acd6ed2c725dfce",
        "type": "github"
      },
      "original": {
        "owner": "nix-community",
        "repo": "home-manager",
        "type": "github"
      }
    },
    "homebrew-cask": {
      "flake": false,
      "locked": {
        "lastModified": 1773768147,
        "narHash": "sha256-kLKIMld+inkYK0A6CF1oOd1XyAVUHGHSdQsiGB7n8QA=",
        "owner": "homebrew",
        "repo": "homebrew-cask",
        "rev": "18f4e01d3eea2f607260c3d7cbc034347ab42b8f",
        "type": "github"
      },
      "original": {
        "owner": "homebrew",
        "repo": "homebrew-cask",
        "type": "github"
      }
    },
    "homebrew-core": {
      "flake": false,
      "locked": {
        "lastModified": 1773762344,
        "narHash": "sha256-IKrm/dYPXuAAxRAJZ22qHfZR48jZ382IhhkhKQJy0sw=",
        "owner": "homebrew",
        "repo": "homebrew-core",
        "rev": "e258662bbdeeb1ca2e2fc66c55aff63e2c93410e",
        "type": "github"
      },
      "original": {
        "owner": "homebrew",
        "repo": "homebrew-core",
        "type": "github"
      }
    },
    "nikitabobko-tap": {
      "flake": false,
      "locked": {
        "lastModified": 1773014271,
        "narHash": "sha256-FTE1he09SKkm7e4W4wwuhoBSgM3zROlRYcjZiU7Yjsg=",
        "owner": "nikitabobko",
        "repo": "homebrew-tap",
        "rev": "db2dcd4d2fd7087457b3cc0baf597880ac4e35a0",
        "type": "github"
      },
      "original": {
        "owner": "nikitabobko",
        "repo": "homebrew-tap",
        "type": "github"
      }
    },
    "nix-homebrew": {
      "inputs": {
        "brew-src": "brew-src"
      },
      "locked": {
        "lastModified": 1769437432,
        "narHash": "sha256-8d7KnCpT2LweRvSzZYEGd9IM3eFX+A78opcnDM0+ndk=",
        "owner": "zhaofengli-wip",
        "repo": "nix-homebrew",
        "rev": "a5409abd0d5013d79775d3419bcac10eacb9d8c5",
        "type": "github"
      },
      "original": {
        "owner": "zhaofengli-wip",
        "repo": "nix-homebrew",
        "type": "github"
      }
    },
    "nixpkgs": {
      "locked": {
        "lastModified": 1773597492,
        "narHash": "sha256-hQ284SkIeNaeyud+LS0WVLX+WL2rxcVZLFEaK0e03zg=",
        "owner": "NixOS",
        "repo": "nixpkgs",
        "rev": "a07d4ce6bee67d7c838a8a5796e75dff9caa21ef",
        "type": "github"
      },
      "original": {
        "owner": "NixOS",
        "ref": "nixpkgs-unstable",
        "repo": "nixpkgs",
        "type": "github"
      }
    },
    "p6m-tap": {
      "flake": false,
      "locked": {
        "lastModified": 1749238538,
        "narHash": "sha256-kH0oAEy5TokZUp2Zt69fDwwW4wlrKKHXdyAjBKf+wXI=",
        "owner": "p6m-dev",
        "repo": "homebrew-tap",
        "rev": "975b16e24528b549c58f808057b0adb21c671425",
        "type": "github"
      },
      "original": {
        "owner": "p6m-dev",
        "repo": "homebrew-tap",
        "type": "github"
      }
    },
    "root": {
      "inputs": {
        "archetect-tap": "archetect-tap",
        "atlassian-acli-tap": "atlassian-acli-tap",
        "darwin": "darwin",
        "home-manager": "home-manager",
        "homebrew-cask": "homebrew-cask",
        "homebrew-core": "homebrew-core",
        "nikitabobko-tap": "nikitabobko-tap",
        "nix-homebrew": "nix-homebrew",
        "nixpkgs": "nixpkgs",
        "p6m-tap": "p6m-tap"
      }
    }
  },
  "root": "root",
  "version": 7
}
